// !$*UTF8*$!
{
	archiveVersion = 1;
	classes = {
	};
	objectVersion = 50;
	objects = {

/* Begin PBXBuildFile section */
		03DD0034227081FB003C52E8 /* AppDelegate.swift in Sources */ = {isa = PBXBuildFile; fileRef = 03DD0033227081FB003C52E8 /* AppDelegate.swift */; };
		03DD0036227081FB003C52E8 /* ViewController.swift in Sources */ = {isa = PBXBuildFile; fileRef = 03DD0035227081FB003C52E8 /* ViewController.swift */; };
		03DD0039227081FB003C52E8 /* Main.storyboard in Resources */ = {isa = PBXBuildFile; fileRef = 03DD0037227081FB003C52E8 /* Main.storyboard */; };
		03DD003B227081FC003C52E8 /* Assets.xcassets in Resources */ = {isa = PBXBuildFile; fileRef = 03DD003A227081FC003C52E8 /* Assets.xcassets */; };
		03DD003E227081FC003C52E8 /* LaunchScreen.storyboard in Resources */ = {isa = PBXBuildFile; fileRef = 03DD003C227081FC003C52E8 /* LaunchScreen.storyboard */; };
		03DD0049227081FC003C52E8 /* Experimental_de_gotTests.swift in Sources */ = {isa = PBXBuildFile; fileRef = 03DD0048227081FC003C52E8 /* Experimental_de_gotTests.swift */; };
		03DD0054227081FC003C52E8 /* Experimental_de_gotUITests.swift in Sources */ = {isa = PBXBuildFile; fileRef = 03DD0053227081FC003C52E8 /* Experimental_de_gotUITests.swift */; };
		03DD006222708819003C52E8 /* untitled2.swift in Sources */ = {isa = PBXBuildFile; fileRef = 03DD006122708819003C52E8 /* untitled2.swift */; };
/* End PBXBuildFile section */

/* Begin PBXContainerItemProxy section */
		03DD0045227081FC003C52E8 /* PBXContainerItemProxy */ = {
			isa = PBXContainerItemProxy;
			containerPortal = 03DD0028227081FB003C52E8 /* Project object */;
			proxyType = 1;
			remoteGlobalIDString = 03DD002F227081FB003C52E8;
			remoteInfo = "Experimental de got";
		};
		03DD0050227081FC003C52E8 /* PBXContainerItemProxy */ = {
			isa = PBXContainerItemProxy;
			containerPortal = 03DD0028227081FB003C52E8 /* Project object */;
			proxyType = 1;
			remoteGlobalIDString = 03DD002F227081FB003C52E8;
			remoteInfo = "Experimental de got";
		};
/* End PBXContainerItemProxy section */

/* Begin PBXFileReference section */
		03DD0030227081FB003C52E8 /* Experimental de got.app */ = {isa = PBXFileReference; explicitFileType = wrapper.application; includeInIndex = 0; path = "Experimental de got.app"; sourceTree = BUILT_PRODUCTS_DIR; };
		03DD0033227081FB003C52E8 /* AppDelegate.swift */ = {isa = PBXFileReference; lastKnownFileType = sourcecode.swift; path = AppDelegate.swift; sourceTree = "<group>"; };
		03DD0035227081FB003C52E8 /* ViewController.swift */ = {isa = PBXFileReference; lastKnownFileType = sourcecode.swift; path = ViewController.swift; sourceTree = "<group>"; };
		03DD0038227081FB003C52E8 /* Base */ = {isa = PBXFileReference; lastKnownFileType = file.storyboard; name = Base; path = Base.lproj/Main.storyboard; sourceTree = "<group>"; };
		03DD003A227081FC003C52E8 /* Assets.xcassets */ = {isa = PBXFileReference; lastKnownFileType = folder.assetcatalog; path = Assets.xcassets; sourceTree = "<group>"; };
		03DD003D227081FC003C52E8 /* Base */ = {isa = PBXFileReference; lastKnownFileType = file.storyboard; name = Base; path = Base.lproj/LaunchScreen.storyboard; sourceTree = "<group>"; };
		03DD003F227081FC003C52E8 /* Info.plist */ = {isa = PBXFileReference; lastKnownFileType = text.plist.xml; path = Info.plist; sourceTree = "<group>"; };
		03DD0044227081FC003C52E8 /* Experimental de gotTests.xctest */ = {isa = PBXFileReference; explicitFileType = wrapper.cfbundle; includeInIndex = 0; path = "Experimental de gotTests.xctest"; sourceTree = BUILT_PRODUCTS_DIR; };
		03DD0048227081FC003C52E8 /* Experimental_de_gotTests.swift */ = {isa = PBXFileReference; lastKnownFileType = sourcecode.swift; path = Experimental_de_gotTests.swift; sourceTree = "<group>"; };
		03DD004A227081FC003C52E8 /* Info.plist */ = {isa = PBXFileReference; lastKnownFileType = text.plist.xml; path = Info.plist; sourceTree = "<group>"; };
		03DD004F227081FC003C52E8 /* Experimental de gotUITests.xctest */ = {isa = PBXFileReference; explicitFileType = wrapper.cfbundle; includeInIndex = 0; path = "Experimental de gotUITests.xctest"; sourceTree = BUILT_PRODUCTS_DIR; };
		03DD0053227081FC003C52E8 /* Experimental_de_gotUITests.swift */ = {isa = PBXFileReference; lastKnownFileType = sourcecode.swift; path = Experimental_de_gotUITests.swift; sourceTree = "<group>"; };
		03DD0055227081FC003C52E8 /* Info.plist */ = {isa = PBXFileReference; lastKnownFileType = text.plist.xml; path = Info.plist; sourceTree = "<group>"; };
		03DD006122708819003C52E8 /* untitled2.swift */ = {isa = PBXFileReference; lastKnownFileType = sourcecode.swift; path = untitled2.swift; sourceTree = "<group>"; };
/* End PBXFileReference section */

/* Begin PBXFrameworksBuildPhase section */
		03DD002D227081FB003C52E8 /* Frameworks */ = {
			isa = PBXFrameworksBuildPhase;
			buildActionMask = 2147483647;
			files = (
			);
			runOnlyForDeploymentPostprocessing = 0;
		};
		03DD0041227081FC003C52E8 /* Frameworks */ = {
			isa = PBXFrameworksBuildPhase;
			buildActionMask = 2147483647;
			files = (
			);
			runOnlyForDeploymentPostprocessing = 0;
		};
		03DD004C227081FC003C52E8 /* Frameworks */ = {
			isa = PBXFrameworksBuildPhase;
			buildActionMask = 2147483647;
			files = (
			);
			runOnlyForDeploymentPostprocessing = 0;
		};
/* End PBXFrameworksBuildPhase section */

/* Begin PBXGroup section */
		03DD0027227081FB003C52E8 = {
			isa = PBXGroup;
			children = (
				03DD0032227081FB003C52E8 /* Experimental de got */,
				03DD0047227081FC003C52E8 /* Experimental de gotTests */,
				03DD0052227081FC003C52E8 /* Experimental de gotUITests */,
				03DD0031227081FB003C52E8 /* Products */,
			);
			sourceTree = "<group>";
		};
		03DD0031227081FB003C52E8 /* Products */ = {
			isa = PBXGroup;
			children = (
				03DD0030227081FB003C52E8 /* Experimental de got.app */,
				03DD0044227081FC003C52E8 /* Experimental de gotTests.xctest */,
				03DD004F227081FC003C52E8 /* Experimental de gotUITests.xctest */,
			);
			name = Products;
			sourceTree = "<group>";
		};
		03DD0032227081FB003C52E8 /* Experimental de got */ = {
			isa = PBXGroup;
			children = (
				03DD006122708819003C52E8 /* untitled2.swift */,
				03DD0033227081FB003C52E8 /* AppDelegate.swift */,
				03DD0035227081FB003C52E8 /* ViewController.swift */,
				03DD0037227081FB003C52E8 /* Main.storyboard */,
				03DD003A227081FC003C52E8 /* Assets.xcassets */,
				03DD003C227081FC003C52E8 /* LaunchScreen.storyboard */,
				03DD003F227081FC003C52E8 /* Info.plist */,
			);
			path = "Experimental de got";
			sourceTree = "<group>";
		};
		03DD0047227081FC003C52E8 /* Experimental de gotTests */ = {
			isa = PBXGroup;
			children = (
				03DD0048227081FC003C52E8 /* Experimental_de_gotTests.swift */,
				03DD004A227081FC003C52E8 /* Info.plist */,
			);
			path = "Experimental de gotTests";
			sourceTree = "<group>";
		};
		03DD0052227081FC003C52E8 /* Experimental de gotUITests */ = {
			isa = PBXGroup;
			children = (
				03DD0053227081FC003C52E8 /* Experimental_de_gotUITests.swift */,
				03DD0055227081FC003C52E8 /* Info.plist */,
			);
			path = "Experimental de gotUITests";
			sourceTree = "<group>";
		};
/* End PBXGroup section */

/* Begin PBXNativeTarget section */
		03DD002F227081FB003C52E8 /* Experimental de got */ = {
			isa = PBXNativeTarget;
			buildConfigurationList = 03DD0058227081FC003C52E8 /* Build configuration list for PBXNativeTarget "Experimental de got" */;
			buildPhases = (
				03DD002C227081FB003C52E8 /* Sources */,
				03DD002D227081FB003C52E8 /* Frameworks */,
				03DD002E227081FB003C52E8 /* Resources */,
			);
			buildRules = (
			);
			dependencies = (
			);
			name = "Experimental de got";
			productName = "Experimental de got";
			productReference = 03DD0030227081FB003C52E8 /* Experimental de got.app */;
			productType = "com.apple.product-type.application";
		};
		03DD0043227081FC003C52E8 /* Experimental de gotTests */ = {
			isa = PBXNativeTarget;
			buildConfigurationList = 03DD005B227081FC003C52E8 /* Build configuration list for PBXNativeTarget "Experimental de gotTests" */;
			buildPhases = (
				03DD0040227081FC003C52E8 /* Sources */,
				03DD0041227081FC003C52E8 /* Frameworks */,
				03DD0042227081FC003C52E8 /* Resources */,
			);
			buildRules = (
			);
			dependencies = (
				03DD0046227081FC003C52E8 /* PBXTargetDependency */,
			);
			name = "Experimental de gotTests";
			productName = "Experimental de gotTests";
			productReference = 03DD0044227081FC003C52E8 /* Experimental de gotTests.xctest */;
			productType = "com.apple.product-type.bundle.unit-test";
		};
		03DD004E227081FC003C52E8 /* Experimental de gotUITests */ = {
			isa = PBXNativeTarget;
			buildConfigurationList = 03DD005E227081FC003C52E8 /* Build configuration list for PBXNativeTarget "Experimental de gotUITests" */;
			buildPhases = (
				03DD004B227081FC003C52E8 /* Sources */,
				03DD004C227081FC003C52E8 /* Frameworks */,
				03DD004D227081FC003C52E8 /* Resources */,
			);
			buildRules = (
			);
			dependencies = (
				03DD0051227081FC003C52E8 /* PBXTargetDependency */,
			);
			name = "Experimental de gotUITests";
			productName = "Experimental de gotUITests";
			productReference = 03DD004F227081FC003C52E8 /* Experimental de gotUITests.xctest */;
			productType = "com.apple.product-type.bundle.ui-testing";
		};
/* End PBXNativeTarget section */

/* Begin PBXProject section */
		03DD0028227081FB003C52E8 /* Project object */ = {
			isa = PBXProject;
			attributes = {
				LastSwiftUpdateCheck = 1020;
				LastUpgradeCheck = 1020;
				ORGANIZATIONNAME = "Felipe Mesquita";
				TargetAttributes = {
					03DD002F227081FB003C52E8 = {
						CreatedOnToolsVersion = 10.2.1;
					};
					03DD0043227081FC003C52E8 = {
						CreatedOnToolsVersion = 10.2.1;
						TestTargetID = 03DD002F227081FB003C52E8;
					};
					03DD004E227081FC003C52E8 = {
						CreatedOnToolsVersion = 10.2.1;
						TestTargetID = 03DD002F227081FB003C52E8;
					};
				};
			};
			buildConfigurationList = 03DD002B227081FB003C52E8 /* Build configuration list for PBXProject "Experimental de got" */;
			compatibilityVersion = "Xcode 9.3";
			developmentRegion = en;
			hasScannedForEncodings = 0;
			knownRegions = (
				en,
				Base,
			);
			mainGroup = 03DD0027227081FB003C52E8;
			productRefGroup = 03DD0031227081FB003C52E8 /* Products */;
			projectDirPath = "";
			projectRoot = "";
			targets = (
				03DD002F227081FB003C52E8 /* Experimental de got */,
				03DD0043227081FC003C52E8 /* Experimental de gotTests */,
				03DD004E227081FC003C52E8 /* Experimental de gotUITests */,
			);
		};
/* End PBXProject section */

/* Begin PBXResourcesBuildPhase section */
		03DD002E227081FB003C52E8 /* Resources */ = {
			isa = PBXResourcesBuildPhase;
			buildActionMask = 2147483647;
			files = (
				03DD003E227081FC003C52E8 /* LaunchScreen.storyboard in Resources */,
				03DD003B227081FC003C52E8 /* Assets.xcassets in Resources */,
				03DD0039227081FB003C52E8 /* Main.storyboard in Resources */,
			);
			runOnlyForDeploymentPostprocessing = 0;
		};
		03DD0042227081FC003C52E8 /* Resources */ = {
			isa = PBXResourcesBuildPhase;
			buildActionMask = 2147483647;
			files = (
			);
			runOnlyForDeploymentPostprocessing = 0;
		};
		03DD004D227081FC003C52E8 /* Resources */ = {
			isa = PBXResourcesBuildPhase;
			buildActionMask = 2147483647;
			files = (
			);
			runOnlyForDeploymentPostprocessing = 0;
		};
/* End PBXResourcesBuildPhase section */

/* Begin PBXSourcesBuildPhase section */
		03DD002C227081FB003C52E8 /* Sources */ = {
			isa = PBXSourcesBuildPhase;
			buildActionMask = 2147483647;
			files = (
				03DD0036227081FB003C52E8 /* ViewController.swift in Sources */,
				03DD006222708819003C52E8 /* untitled2.swift in Sources */,
				03DD0034227081FB003C52E8 /* AppDelegate.swift in Sources */,
			);
			runOnlyForDeploymentPostprocessing = 0;
		};
		03DD0040227081FC003C52E8 /* Sources */ = {
			isa = PBXSourcesBuildPhase;
			buildActionMask = 2147483647;
			files = (
				03DD0049227081FC003C52E8 /* Experimental_de_gotTests.swift in Sources */,
			);
			runOnlyForDeploymentPostprocessing = 0;
		};
		03DD004B227081FC003C52E8 /* Sources */ = {
			isa = PBXSourcesBuildPhase;
			buildActionMask = 2147483647;
			files = (
				03DD0054227081FC003C52E8 /* Experimental_de_gotUITests.swift in Sources */,
			);
			runOnlyForDeploymentPostprocessing = 0;
		};
/* End PBXSourcesBuildPhase section */

/* Begin PBXTargetDependency section */
		03DD0046227081FC003C52E8 /* PBXTargetDependency */ = {
			isa = PBXTargetDependency;
			target = 03DD002F227081FB003C52E8 /* Experimental de got */;
			targetProxy = 03DD0045227081FC003C52E8 /* PBXContainerItemProxy */;
		};
		03DD0051227081FC003C52E8 /* PBXTargetDependency */ = {
			isa = PBXTargetDependency;
			target = 03DD002F227081FB003C52E8 /* Experimental de got */;
			targetProxy = 03DD0050227081FC003C52E8 /* PBXContainerItemProxy */;
		};
/* End PBXTargetDependency section */

/* Begin PBXVariantGroup section */
		03DD0037227081FB003C52E8 /* Main.storyboard */ = {
			isa = PBXVariantGroup;
			children = (
				03DD0038227081FB003C52E8 /* Base */,
			);
			name = Main.storyboard;
			sourceTree = "<group>";
		};
		03DD003C227081FC003C52E8 /* LaunchScreen.storyboard */ = {
			isa = PBXVariantGroup;
			children = (
				03DD003D227081FC003C52E8 /* Base */,
			);
			name = LaunchScreen.storyboard;
			sourceTree = "<group>";
		};
/* End PBXVariantGroup section */

/* Begin XCBuildConfiguration section */
		03DD0056227081FC003C52E8 /* Debug */ = {
			isa = XCBuildConfiguration;
			buildSettings = {
				ALWAYS_SEARCH_USER_PATHS = NO;
				CLANG_ANALYZER_NONNULL = YES;
				CLANG_ANALYZER_NUMBER_OBJECT_CONVERSION = YES_AGGRESSIVE;
				CLANG_CXX_LANGUAGE_STANDARD = "gnu++14";
				CLANG_CXX_LIBRARY = "libc++";
				CLANG_ENABLE_MODULES = YES;
				CLANG_ENABLE_OBJC_ARC = YES;
				CLANG_ENABLE_OBJC_WEAK = YES;
				CLANG_WARN_BLOCK_CAPTURE_AUTORELEASING = YES;
				CLANG_WARN_BOOL_CONVERSION = YES;
				CLANG_WARN_COMMA = YES;
				CLANG_WARN_CONSTANT_CONVERSION = YES;
				CLANG_WARN_DEPRECATED_OBJC_IMPLEMENTATIONS = YES;
				CLANG_WARN_DIRECT_OBJC_ISA_USAGE = YES_ERROR;
				CLANG_WARN_DOCUMENTATION_COMMENTS = YES;
				CLANG_WARN_EMPTY_BODY = YES;
				CLANG_WARN_ENUM_CONVERSION = YES;
				CLANG_WARN_INFINITE_RECURSION = YES;
				CLANG_WARN_INT_CONVERSION = YES;
				CLANG_WARN_NON_LITERAL_NULL_CONVERSION = YES;
				CLANG_WARN_OBJC_IMPLICIT_RETAIN_SELF = YES;
				CLANG_WARN_OBJC_LITERAL_CONVERSION = YES;
				CLANG_WARN_OBJC_ROOT_CLASS = YES_ERROR;
				CLANG_WARN_RANGE_LOOP_ANALYSIS = YES;
				CLANG_WARN_STRICT_PROTOTYPES = YES;
				CLANG_WARN_SUSPICIOUS_MOVE = YES;
				CLANG_WARN_UNGUARDED_AVAILABILITY = YES_AGGRESSIVE;
				CLANG_WARN_UNREACHABLE_CODE = YES;
				CLANG_WARN__DUPLICATE_METHOD_MATCH = YES;
				CODE_SIGN_IDENTITY = "iPhone Developer";
				COPY_PHASE_STRIP = NO;
				DEBUG_INFORMATION_FORMAT = dwarf;
				ENABLE_STRICT_OBJC_MSGSEND = YES;
				ENABLE_TESTABILITY = YES;
				GCC_C_LANGUAGE_STANDARD = gnu11;
				GCC_DYNAMIC_NO_PIC = NO;
				GCC_NO_COMMON_BLOCKS = YES;
				GCC_OPTIMIZATION_LEVEL = 0;
				GCC_PREPROCESSOR_DEFINITIONS = (
					"DEBUG=1",
					"$(inherited)",
				);
				GCC_WARN_64_TO_32_BIT_CONVERSION = YES;
				GCC_WARN_ABOUT_RETURN_TYPE = YES_ERROR;
				GCC_WARN_UNDECLARED_SELECTOR = YES;
				GCC_WARN_UNINITIALIZED_AUTOS = YES_AGGRESSIVE;
				GCC_WARN_UNUSED_FUNCTION = YES;
				GCC_WARN_UNUSED_VARIABLE = YES;
				IPHONEOS_DEPLOYMENT_TARGET = 12.2;
				MTL_ENABLE_DEBUG_INFO = INCLUDE_SOURCE;
				MTL_FAST_MATH = YES;
				ONLY_ACTIVE_ARCH = YES;
				SDKROOT = iphoneos;
				SWIFT_ACTIVE_COMPILATION_CONDITIONS = DEBUG;
				SWIFT_OPTIMIZATION_LEVEL = "-Onone";
			};
			name = Debug;
		};
		03DD0057227081FC003C52E8 /* Release */ = {
			isa = XCBuildConfiguration;
			buildSettings = {
				ALWAYS_SEARCH_USER_PATHS = NO;
				CLANG_ANALYZER_NONNULL = YES;
				CLANG_ANALYZER_NUMBER_OBJECT_CONVERSION = YES_AGGRESSIVE;
				CLANG_CXX_LANGUAGE_STANDARD = "gnu++14";
				CLANG_CXX_LIBRARY = "libc++";
				CLANG_ENABLE_MODULES = YES;
				CLANG_ENABLE_OBJC_ARC = YES;
				CLANG_ENABLE_OBJC_WEAK = YES;
				CLANG_WARN_BLOCK_CAPTURE_AUTORELEASING = YES;
				CLANG_WARN_BOOL_CONVERSION = YES;
				CLANG_WARN_COMMA = YES;
				CLANG_WARN_CONSTANT_CONVERSION = YES;
				CLANG_WARN_DEPRECATED_OBJC_IMPLEMENTATIONS = YES;
				CLANG_WARN_DIRECT_OBJC_ISA_USAGE = YES_ERROR;
				CLANG_WARN_DOCUMENTATION_COMMENTS = YES;
				CLANG_WARN_EMPTY_BODY = YES;
				CLANG_WARN_ENUM_CONVERSION = YES;
				CLANG_WARN_INFINITE_RECURSION = YES;
				CLANG_WARN_INT_CONVERSION = YES;
				CLANG_WARN_NON_LITERAL_NULL_CONVERSION = YES;
				CLANG_WARN_OBJC_IMPLICIT_RETAIN_SELF = YES;
				CLANG_WARN_OBJC_LITERAL_CONVERSION = YES;
				CLANG_WARN_OBJC_ROOT_CLASS = YES_ERROR;
				CLANG_WARN_RANGE_LOOP_ANALYSIS = YES;
				CLANG_WARN_STRICT_PROTOTYPES = YES;
				CLANG_WARN_SUSPICIOUS_MOVE = YES;
				CLANG_WARN_UNGUARDED_AVAILABILITY = YES_AGGRESSIVE;
				CLANG_WARN_UNREACHABLE_CODE = YES;
				CLANG_WARN__DUPLICATE_METHOD_MATCH = YES;
				CODE_SIGN_IDENTITY = "iPhone Developer";
				COPY_PHASE_STRIP = NO;
				DEBUG_INFORMATION_FORMAT = "dwarf-with-dsym";
				ENABLE_NS_ASSERTIONS = NO;
				ENABLE_STRICT_OBJC_MSGSEND = YES;
				GCC_C_LANGUAGE_STANDARD = gnu11;
				GCC_NO_COMMON_BLOCKS = YES;
				GCC_WARN_64_TO_32_BIT_CONVERSION = YES;
				GCC_WARN_ABOUT_RETURN_TYPE = YES_ERROR;
				GCC_WARN_UNDECLARED_SELECTOR = YES;
				GCC_WARN_UNINITIALIZED_AUTOS = YES_AGGRESSIVE;
				GCC_WARN_UNUSED_FUNCTION = YES;
				GCC_WARN_UNUSED_VARIABLE = YES;
				IPHONEOS_DEPLOYMENT_TARGET = 12.2;
				MTL_ENABLE_DEBUG_INFO = NO;
				MTL_FAST_MATH = YES;
				SDKROOT = iphoneos;
				SWIFT_COMPILATION_MODE = wholemodule;
				SWIFT_OPTIMIZATION_LEVEL = "-O";
				VALIDATE_PRODUCT = YES;
			};
			name = Release;
		};
		03DD0059227081FC003C52E8 /* Debug */ = {
			isa = XCBuildConfiguration;
			buildSettings = {
				ASSETCATALOG_COMPILER_APPICON_NAME = AppIcon;
				CODE_SIGN_STYLE = Automatic;
				DEVELOPMENT_TEAM = 5D66GV6LYZ;
				INFOPLIST_FILE = "Experimental de got/Info.plist";
				LD_RUNPATH_SEARCH_PATHS = (
					"$(inherited)",
					"@executable_path/Frameworks",
				);
				PRODUCT_BUNDLE_IDENTIFIER = "com.nagare.Experimental-de-got";
				PRODUCT_NAME = "$(TARGET_NAME)";
				SWIFT_VERSION = 5.0;
				TARGETED_DEVICE_FAMILY = "1,2";
			};
			name = Debug;
		};
		03DD005A227081FC003C52E8 /* Release */ = {
			isa = XCBuildConfiguration;
			buildSettings = {
				ASSETCATALOG_COMPILER_APPICON_NAME = AppIcon;
				CODE_SIGN_STYLE = Automatic;
				DEVELOPMENT_TEAM = 5D66GV6LYZ;
				INFOPLIST_FILE = "Experimental de got/Info.plist";
				LD_RUNPATH_SEARCH_PATHS = (
					"$(inherited)",
					"@executable_path/Frameworks",
				);
				PRODUCT_BUNDLE_IDENTIFIER = "com.nagare.Experimental-de-got";
				PRODUCT_NAME = "$(TARGET_NAME)";
				SWIFT_VERSION = 5.0;
				TARGETED_DEVICE_FAMILY = "1,2";
			};
			name = Release;
		};
		03DD005C227081FC003C52E8 /* Debug */ = {
			isa = XCBuildConfiguration;
			buildSettings = {
				ALWAYS_EMBED_SWIFT_STANDARD_LIBRARIES = YES;
				BUNDLE_LOADER = "$(TEST_HOST)";
				CODE_SIGN_STYLE = Automatic;
				DEVELOPMENT_TEAM = 5D66GV6LYZ;
				INFOPLIST_FILE = "Experimental de gotTests/Info.plist";
				LD_RUNPATH_SEARCH_PATHS = (
					"$(inherited)",
					"@executable_path/Frameworks",
					"@loader_path/Frameworks",
				);
				PRODUCT_BUNDLE_IDENTIFIER = "com.nagare.Experimental-de-gotTests";
				PRODUCT_NAME = "$(TARGET_NAME)";
				SWIFT_VERSION = 5.0;
				TARGETED_DEVICE_FAMILY = "1,2";
				TEST_HOST = "$(BUILT_PRODUCTS_DIR)/Experimental de got.app/Experimental de got";
			};
			name = Debug;
		};
		03DD005D227081FC003C52E8 /* Release */ = {
			isa = XCBuildConfiguration;
			buildSettings = {
				ALWAYS_EMBED_SWIFT_STANDARD_LIBRARIES = YES;
				BUNDLE_LOADER = "$(TEST_HOST)";
				CODE_SIGN_STYLE = Automatic;
				DEVELOPMENT_TEAM = 5D66GV6LYZ;
				INFOPLIST_FILE = "Experimental de gotTests/Info.plist";
				LD_RUNPATH_SEARCH_PATHS = (
					"$(inherited)",
					"@executable_path/Frameworks",
					"@loader_path/Frameworks",
				);
				PRODUCT_BUNDLE_IDENTIFIER = "com.nagare.Experimental-de-gotTests";
				PRODUCT_NAME = "$(TARGET_NAME)";
				SWIFT_VERSION = 5.0;
				TARGETED_DEVICE_FAMILY = "1,2";
				TEST_HOST = "$(BUILT_PRODUCTS_DIR)/Experimental de got.app/Experimental de got";
			};
			name = Release;
		};
		03DD005F227081FC003C52E8 /* Debug */ = {
			isa = XCBuildConfiguration;
			buildSettings = {
				ALWAYS_EMBED_SWIFT_STANDARD_LIBRARIES = YES;
				CODE_SIGN_STYLE = Automatic;
				DEVELOPMENT_TEAM = 5D66GV6LYZ;
				INFOPLIST_FILE = "Experimental de gotUITests/Info.plist";
				LD_RUNPATH_SEARCH_PATHS = (
					"$(inherited)",
					"@executable_path/Frameworks",
					"@loader_path/Frameworks",
				);
				PRODUCT_BUNDLE_IDENTIFIER = "com.nagare.Experimental-de-gotUITests";
				PRODUCT_NAME = "$(TARGET_NAME)";
				SWIFT_VERSION = 5.0;
				TARGETED_DEVICE_FAMILY = "1,2";
				TEST_TARGET_NAME = "Experimental de got";
			};
			name = Debug;
		};
		03DD0060227081FC003C52E8 /* Release */ = {
			isa = XCBuildConfiguration;
			buildSettings = {
				ALWAYS_EMBED_SWIFT_STANDARD_LIBRARIES = YES;
				CODE_SIGN_STYLE = Automatic;
				DEVELOPMENT_TEAM = 5D66GV6LYZ;
				INFOPLIST_FILE = "Experimental de gotUITests/Info.plist";
				LD_RUNPATH_SEARCH_PATHS = (
					"$(inherited)",
					"@executable_path/Frameworks",
					"@loader_path/Frameworks",
				);
				PRODUCT_BUNDLE_IDENTIFIER = "com.nagare.Experimental-de-gotUITests";
				PRODUCT_NAME = "$(TARGET_NAME)";
				SWIFT_VERSION = 5.0;
				TARGETED_DEVICE_FAMILY = "1,2";
				TEST_TARGET_NAME = "Experimental de got";
			};
			name = Release;
		};
/* End XCBuildConfiguration section */

/* Begin XCConfigurationList section */
		03DD002B227081FB003C52E8 /* Build configuration list for PBXProject "Experimental de got" */ = {
			isa = XCConfigurationList;
			buildConfigurations = (
				03DD0056227081FC003C52E8 /* Debug */,
				03DD0057227081FC003C52E8 /* Release */,
			);
			defaultConfigurationIsVisible = 0;
			defaultConfigurationName = Release;
		};
		03DD0058227081FC003C52E8 /* Build configuration list for PBXNativeTarget "Experimental de got" */ = {
			isa = XCConfigurationList;
			buildConfigurations = (
				03DD0059227081FC003C52E8 /* Debug */,
				03DD005A227081FC003C52E8 /* Release */,
			);
			defaultConfigurationIsVisible = 0;
			defaultConfigurationName = Release;
		};
		03DD005B227081FC003C52E8 /* Build configuration list for PBXNativeTarget "Experimental de gotTests" */ = {
			isa = XCConfigurationList;
			buildConfigurations = (
				03DD005C227081FC003C52E8 /* Debug */,
				03DD005D227081FC003C52E8 /* Release */,
			);
			defaultConfigurationIsVisible = 0;
			defaultConfigurationName = Release;
		};
		03DD005E227081FC003C52E8 /* Build configuration list for PBXNativeTarget "Experimental de gotUITests" */ = {
			isa = XCConfigurationList;
			buildConfigurations = (
				03DD005F227081FC003C52E8 /* Debug */,
				03DD0060227081FC003C52E8 /* Release */,
			);
			defaultConfigurationIsVisible = 0;
			defaultConfigurationName = Release;
		};
/* End XCConfigurationList section */
	};
	rootObject = 03DD0028227081FB003C52E8 /* Project object */;
}
